
Microsoft Visual Studio Solution File, Format Version 12.00
# Visual Studio Version 17
VisualStudioVersion = 17.0.31612.314
MinimumVisualStudioVersion = 10.0.40219.1
Project("{9A19103F-16F7-4668-BE54-9A1E7A4F7556}") = "Catalog", "Catalog\Catalog.csproj", "{6518614E-E3DC-4840-9723-E7B2BEFAA420}"
EndProject
Project("{9A19103F-16F7-4668-BE54-9A1E7A4F7556}") = "Catalog.Models", "Catalog.Models\Catalog.Models.csproj", "{90843F81-908F-4889-91C6-D37A13B70C33}"
EndProject
Project("{9A19103F-16F7-4668-BE54-9A1E7A4F7556}") = "Commons", "Commons\Commons.csproj", "{9980815F-8082-47D7-980A-06E7B0697235}"
EndProject
Project("{9A19103F-16F7-4668-BE54-9A1E7A4F7556}") = "Catalog.Core", "Catalog.Core\Catalog.Core.csproj", "{49C60910-A88A-49D8-A89A-87E33B2F3629}"
EndProject
Project("{FAE04EC0-301F-11D3-BF4B-00C04F79EFBC}") = "Catalog.Data", "Catalog.Data\Catalog.Data.csproj", "{CD418782-DE1D-4E71-BE48-FF48DE910799}"
EndProject
Global
	GlobalSection(SolutionConfigurationPlatforms) = preSolution
		Debug|Any CPU = Debug|Any CPU
		Release|Any CPU = Release|Any CPU
	EndGlobalSection
	GlobalSection(ProjectConfigurationPlatforms) = postSolution
		{6518614E-E3DC-4840-9723-E7B2BEFAA420}.Debug|Any CPU.ActiveCfg = Debug|Any CPU
		{6518614E-E3DC-4840-9723-E7B2BEFAA420}.Debug|Any CPU.Build.0 = Debug|Any CPU
		{6518614E-E3DC-4840-9723-E7B2BEFAA420}.Release|Any CPU.ActiveCfg = Release|Any CPU
		{6518614E-E3DC-4840-9723-E7B2BEFAA420}.Release|Any CPU.Build.0 = Release|Any CPU
		{90843F81-908F-4889-91C6-D37A13B70C33}.Debug|Any CPU.ActiveCfg = Debug|Any CPU
		{90843F81-908F-4889-91C6-D37A13B70C33}.Debug|Any CPU.Build.0 = Debug|Any CPU
		{90843F81-908F-4889-91C6-D37A13B70C33}.Release|Any CPU.ActiveCfg = Release|Any CPU
		{90843F81-908F-4889-91C6-D37A13B70C33}.Release|Any CPU.Build.0 = Release|Any CPU
		{9980815F-8082-47D7-980A-06E7B0697235}.Debug|Any CPU.ActiveCfg = Debug|Any CPU
		{9980815F-8082-47D7-980A-06E7B0697235}.Debug|Any CPU.Build.0 = Debug|Any CPU
		{9980815F-8082-47D7-980A-06E7B0697235}.Release|Any CPU.ActiveCfg = Release|Any CPU
		{9980815F-8082-47D7-980A-06E7B0697235}.Release|Any CPU.Build.0 = Release|Any CPU
		{49C60910-A88A-49D8-A89A-87E33B2F3629}.Debug|Any CPU.ActiveCfg = Debug|Any CPU
		{49C60910-A88A-49D8-A89A-87E33B2F3629}.Debug|Any CPU.Build.0 = Debug|Any CPU
		{49C60910-A88A-49D8-A89A-87E33B2F3629}.Release|Any CPU.ActiveCfg = Release|Any CPU
		{49C60910-A88A-49D8-A89A-87E33B2F3629}.Release|Any CPU.Build.0 = Release|Any CPU
		{CD418782-DE1D-4E71-BE48-FF48DE910799}.Debug|Any CPU.ActiveCfg = Debug|Any CPU
		{CD418782-DE1D-4E71-BE48-FF48DE910799}.Debug|Any CPU.Build.0 = Debug|Any CPU
		{CD418782-DE1D-4E71-BE48-FF48DE910799}.Release|Any CPU.ActiveCfg = Release|Any CPU
		{CD418782-DE1D-4E71-BE48-FF48DE910799}.Release|Any CPU.Build.0 = Release|Any CPU
	EndGlobalSection
	GlobalSection(SolutionProperties) = preSolution
		HideSolutionNode = FALSE
	EndGlobalSection
	GlobalSection(ExtensibilityGlobals) = postSolution
		SolutionGuid = {0CFF76FD-B325-4B0E-BAAE-94F54F7F2789}
	EndGlobalSection
EndGlobal
